
Microsoft Visual Studio Solution File, Format Version 12.00
# Visual Studio Version 16
VisualStudioVersion = 16.0.30517.126
MinimumVisualStudioVersion = 10.0.40219.1
Project("{FAE04EC0-301F-11D3-BF4B-00C04F79EFBC}") = "orai 09.09", "orai 09.09\orai 09.09.csproj", "{12F6CAFD-CBDD-4F79-AF19-8FEA5422FEBC}"
EndProject
Global
	GlobalSection(SolutionConfigurationPlatforms) = preSolution
		Debug|Any CPU = Debug|Any CPU
		Release|Any CPU = Release|Any CPU
	EndGlobalSection
	GlobalSection(ProjectConfigurationPlatforms) = postSolution
		{12F6CAFD-CBDD-4F79-AF19-8FEA5422FEBC}.Debug|Any CPU.ActiveCfg = Debug|Any CPU
		{12F6CAFD-CBDD-4F79-AF19-8FEA5422FEBC}.Debug|Any CPU.Build.0 = Debug|Any CPU
		{12F6CAFD-CBDD-4F79-AF19-8FEA5422FEBC}.Release|Any CPU.ActiveCfg = Release|Any CPU
		{12F6CAFD-CBDD-4F79-AF19-8FEA5422FEBC}.Release|Any CPU.Build.0 = Release|Any CPU
	EndGlobalSection
	GlobalSection(SolutionProperties) = preSolution
		HideSolutionNode = FALSE
	EndGlobalSection
	GlobalSection(ExtensibilityGlobals) = postSolution
		SolutionGuid = {E089B06A-B200-4C3F-BC30-B45B876175B5}
	EndGlobalSection
EndGlobal
