
Microsoft Visual Studio Solution File, Format Version 12.00
# Visual Studio Version 16
VisualStudioVersion = 16.0.30517.126
MinimumVisualStudioVersion = 10.0.40219.1
Project("{FAE04EC0-301F-11D3-BF4B-00C04F79EFBC}") = "09.15", "09.15\09.15.csproj", "{CB2D7BAC-502B-48BE-894D-F95AEAFD098C}"
EndProject
Global
	GlobalSection(SolutionConfigurationPlatforms) = preSolution
		Debug|Any CPU = Debug|Any CPU
		Release|Any CPU = Release|Any CPU
	EndGlobalSection
	GlobalSection(ProjectConfigurationPlatforms) = postSolution
		{CB2D7BAC-502B-48BE-894D-F95AEAFD098C}.Debug|Any CPU.ActiveCfg = Debug|Any CPU
		{CB2D7BAC-502B-48BE-894D-F95AEAFD098C}.Debug|Any CPU.Build.0 = Debug|Any CPU
		{CB2D7BAC-502B-48BE-894D-F95AEAFD098C}.Release|Any CPU.ActiveCfg = Release|Any CPU
		{CB2D7BAC-502B-48BE-894D-F95AEAFD098C}.Release|Any CPU.Build.0 = Release|Any CPU
	EndGlobalSection
	GlobalSection(SolutionProperties) = preSolution
		HideSolutionNode = FALSE
	EndGlobalSection
	GlobalSection(ExtensibilityGlobals) = postSolution
		SolutionGuid = {5F8437B3-1EF8-49E6-87EE-77184B398416}
	EndGlobalSection
EndGlobal
