
Microsoft Visual Studio Solution File, Format Version 12.00
# Visual Studio Version 16
VisualStudioVersion = 16.0.30517.126
MinimumVisualStudioVersion = 10.0.40219.1
Project("{FAE04EC0-301F-11D3-BF4B-00C04F79EFBC}") = "09.20", "09.20\09.20.csproj", "{67E5C507-CE43-4D24-BCAD-7F632423FA82}"
EndProject
Global
	GlobalSection(SolutionConfigurationPlatforms) = preSolution
		Debug|Any CPU = Debug|Any CPU
		Release|Any CPU = Release|Any CPU
	EndGlobalSection
	GlobalSection(ProjectConfigurationPlatforms) = postSolution
		{67E5C507-CE43-4D24-BCAD-7F632423FA82}.Debug|Any CPU.ActiveCfg = Debug|Any CPU
		{67E5C507-CE43-4D24-BCAD-7F632423FA82}.Debug|Any CPU.Build.0 = Debug|Any CPU
		{67E5C507-CE43-4D24-BCAD-7F632423FA82}.Release|Any CPU.ActiveCfg = Release|Any CPU
		{67E5C507-CE43-4D24-BCAD-7F632423FA82}.Release|Any CPU.Build.0 = Release|Any CPU
	EndGlobalSection
	GlobalSection(SolutionProperties) = preSolution
		HideSolutionNode = FALSE
	EndGlobalSection
	GlobalSection(ExtensibilityGlobals) = postSolution
		SolutionGuid = {35F04B44-7620-4632-9564-106BA8793989}
	EndGlobalSection
EndGlobal
